
Microsoft Visual Studio Solution File, Format Version 12.00
# Visual Studio Version 17
VisualStudioVersion = 17.14.36408.4 d17.14
MinimumVisualStudioVersion = 10.0.40219.1
Project("{FAE04EC0-301F-11D3-BF4B-00C04F79EFBC}") = "Inheritance_Roman", "Inheritance_Roman\Inheritance_Roman.csproj", "{DE804E47-65F6-471A-814E-282E2470A091}"
EndProject
Global
	GlobalSection(SolutionConfigurationPlatforms) = preSolution
		Debug|Any CPU = Debug|Any CPU
		Release|Any CPU = Release|Any CPU
	EndGlobalSection
	GlobalSection(ProjectConfigurationPlatforms) = postSolution
		{DE804E47-65F6-471A-814E-282E2470A091}.Debug|Any CPU.ActiveCfg = Debug|Any CPU
		{DE804E47-65F6-471A-814E-282E2470A091}.Debug|Any CPU.Build.0 = Debug|Any CPU
		{DE804E47-65F6-471A-814E-282E2470A091}.Release|Any CPU.ActiveCfg = Release|Any CPU
		{DE804E47-65F6-471A-814E-282E2470A091}.Release|Any CPU.Build.0 = Release|Any CPU
	EndGlobalSection
	GlobalSection(SolutionProperties) = preSolution
		HideSolutionNode = FALSE
	EndGlobalSection
	GlobalSection(ExtensibilityGlobals) = postSolution
		SolutionGuid = {AA540F28-362B-4B16-AB75-8A1D95AC9692}
	EndGlobalSection
EndGlobal
